// !$*UTF8*$!
{
	archiveVersion = 1;
	classes = {
	};
	objectVersion = 63;
	objects = {

/* Begin PBXBuildFile section */
		3E18D38F2C14B4010003B39B /* MatchManager+GKMatchDelegate.swift in Sources */ = {isa = PBXBuildFile; fileRef = 3E18D38E2C14B4010003B39B /* MatchManager+GKMatchDelegate.swift */; };
		3E2928E72C43180000892F04 /* WinnerView.swift in Sources */ = {isa = PBXBuildFile; fileRef = 3E2928E62C43180000892F04 /* WinnerView.swift */; };
		3E2928ED2C444D0900892F04 /* Lottie in Frameworks */ = {isa = PBXBuildFile; productRef = 3E2928EC2C444D0900892F04 /* Lottie */; };
		3E2BFCB82BFE2C270012529A /* MatchManager.swift in Sources */ = {isa = PBXBuildFile; fileRef = 3E2BFCB72BFE2C270012529A /* MatchManager.swift */; };
		3E2BFCBA2BFE2C2D0012529A /* AuthenticationStates.swift in Sources */ = {isa = PBXBuildFile; fileRef = 3E2BFCB92BFE2C2D0012529A /* AuthenticationStates.swift */; };
		3E3925C02BFD107E0033F0E2 /* OnboardView.swift in Sources */ = {isa = PBXBuildFile; fileRef = 3E3925BF2BFD107E0033F0E2 /* OnboardView.swift */; };
		3E3925C32BFD2F2A0033F0E2 /* GameActions.swift in Sources */ = {isa = PBXBuildFile; fileRef = 3E3925C22BFD2F2A0033F0E2 /* GameActions.swift */; };
		3E3925C52BFD303D0033F0E2 /* Line.json in Resources */ = {isa = PBXBuildFile; fileRef = 3E3925C42BFD303D0033F0E2 /* Line.json */; };
		3E3925C92BFD351F0033F0E2 /* BackgroundGridViewModel.swift in Sources */ = {isa = PBXBuildFile; fileRef = 3E3925C82BFD351F0033F0E2 /* BackgroundGridViewModel.swift */; };
		3E3D4B3D2C249AB200CC6F1A /* PlayView.swift in Sources */ = {isa = PBXBuildFile; fileRef = 3E3D4B3C2C249AB200CC6F1A /* PlayView.swift */; };
		3E3D4B402C24A55500CC6F1A /* PrimaryButton.swift in Sources */ = {isa = PBXBuildFile; fileRef = 3E3D4B3F2C24A55500CC6F1A /* PrimaryButton.swift */; };
		3E3D4B422C24A62900CC6F1A /* SecondaryButton.swift in Sources */ = {isa = PBXBuildFile; fileRef = 3E3D4B412C24A62900CC6F1A /* SecondaryButton.swift */; };
		3E3EFA842C42B5AD000B4E97 /* Fire.json in Resources */ = {isa = PBXBuildFile; fileRef = 3E3EFA832C42B5AD000B4E97 /* Fire.json */; };
		3E4342662C0B48A90093FA80 /* Done.json in Resources */ = {isa = PBXBuildFile; fileRef = 3E4342652C0B48A90093FA80 /* Done.json */; };
		3E4350492C0F875600FDFADC /* CollaboratorsView.swift in Sources */ = {isa = PBXBuildFile; fileRef = 3E4350482C0F875600FDFADC /* CollaboratorsView.swift */; };
		3E43504B2C0F876D00FDFADC /* Collaborator.swift in Sources */ = {isa = PBXBuildFile; fileRef = 3E43504A2C0F876D00FDFADC /* Collaborator.swift */; };
		3E4CC0E22C35F08A00DA0407 /* GameLogicAI.swift in Sources */ = {isa = PBXBuildFile; fileRef = 3E4CC0E12C35F08A00DA0407 /* GameLogicAI.swift */; };
		3E5108592C175856001B4B33 /* YouWin.json in Resources */ = {isa = PBXBuildFile; fileRef = 3E5108582C175855001B4B33 /* YouWin.json */; };
		3E5630832BF822BC0009B48B /* OnboardingPageViewModel.swift in Sources */ = {isa = PBXBuildFile; fileRef = 3E5630822BF822BC0009B48B /* OnboardingPageViewModel.swift */; };
		3E5630872BF827AF0009B48B /* LottieAnimation.swift in Sources */ = {isa = PBXBuildFile; fileRef = 3E5630862BF827AF0009B48B /* LottieAnimation.swift */; };
		3E56308B2BF82BBF0009B48B /* GameView.swift in Sources */ = {isa = PBXBuildFile; fileRef = 3E56308A2BF82BBF0009B48B /* GameView.swift */; };
		3E5EF2DB2BF812E2001B6D22 /* GameGrid.swift in Sources */ = {isa = PBXBuildFile; fileRef = 3E5EF2DA2BF812E2001B6D22 /* GameGrid.swift */; };
		3E6C13B72BF7F82400373047 /* TicTacToeApp.swift in Sources */ = {isa = PBXBuildFile; fileRef = 3E6C13B62BF7F82400373047 /* TicTacToeApp.swift */; };
		3E6C13B92BF7F82400373047 /* MainView.swift in Sources */ = {isa = PBXBuildFile; fileRef = 3E6C13B82BF7F82400373047 /* MainView.swift */; };
		3E6C13BB2BF7F82500373047 /* Assets.xcassets in Resources */ = {isa = PBXBuildFile; fileRef = 3E6C13BA2BF7F82500373047 /* Assets.xcassets */; };
		3E6C13BE2BF7F82500373047 /* Preview Assets.xcassets in Resources */ = {isa = PBXBuildFile; fileRef = 3E6C13BD2BF7F82500373047 /* Preview Assets.xcassets */; };
		3E90784D2C013E5000F34BA3 /* MatchManager+GKMatchManagerVCDelegate.swift in Sources */ = {isa = PBXBuildFile; fileRef = 3E90784C2C013E5000F34BA3 /* MatchManager+GKMatchManagerVCDelegate.swift */; };
		3E990CA52C448257004797C3 /* CustomRectangle.swift in Sources */ = {isa = PBXBuildFile; fileRef = 3E990CA42C448257004797C3 /* CustomRectangle.swift */; };
		3EA650602C358C8F003E9707 /* ScoreView.swift in Sources */ = {isa = PBXBuildFile; fileRef = 3EA6505F2C358C8F003E9707 /* ScoreView.swift */; };
		3EBCE0832BFCEED600D5D37C /* TutorialView.swift in Sources */ = {isa = PBXBuildFile; fileRef = 3EBCE0822BFCEED600D5D37C /* TutorialView.swift */; };
		3EC8FE192C0908570014BBC0 /* OnboardingParameters.swift in Sources */ = {isa = PBXBuildFile; fileRef = 3EC8FE182C0908570014BBC0 /* OnboardingParameters.swift */; };
		3ED2CBA72C37F773004587BE /* TopHUD.swift in Sources */ = {isa = PBXBuildFile; fileRef = 3ED2CBA62C37F773004587BE /* TopHUD.swift */; };
		3ED67F932BF8C09600B2F400 /* MetalLibrary.metal in Sources */ = {isa = PBXBuildFile; fileRef = 3ED67F922BF8C09600B2F400 /* MetalLibrary.metal */; };
		3ED67F952BF8EEFE00B2F400 /* Localizable.xcstrings in Resources */ = {isa = PBXBuildFile; fileRef = 3ED67F942BF8EEFE00B2F400 /* Localizable.xcstrings */; };
		3ED67F9B2BF8FB6900B2F400 /* TicTacToe.json in Resources */ = {isa = PBXBuildFile; fileRef = 3ED67F9A2BF8FB6900B2F400 /* TicTacToe.json */; };
		3ED67FAB2BF9072600B2F400 /* Rule.json in Resources */ = {isa = PBXBuildFile; fileRef = 3ED67FAA2BF9072600B2F400 /* Rule.json */; };
		3ED6BF562C0242C400A53C29 /* GameOver.swift in Sources */ = {isa = PBXBuildFile; fileRef = 3ED6BF552C0242C400A53C29 /* GameOver.swift */; };
		3ED8C3D02C380AE40093CDD7 /* ResponsiveScore.swift in Sources */ = {isa = PBXBuildFile; fileRef = 3ED8C3CF2C380AE40093CDD7 /* ResponsiveScore.swift */; };
		3ED8C3D22C396B900093CDD7 /* SettingsView.swift in Sources */ = {isa = PBXBuildFile; fileRef = 3ED8C3D12C396B900093CDD7 /* SettingsView.swift */; };
		3ED8C3D42C3971800093CDD7 /* AnimationSettings.swift in Sources */ = {isa = PBXBuildFile; fileRef = 3ED8C3D32C3971800093CDD7 /* AnimationSettings.swift */; };
		3ED8C3D62C397DBC0093CDD7 /* TertiaryButton.swift in Sources */ = {isa = PBXBuildFile; fileRef = 3ED8C3D52C397DBC0093CDD7 /* TertiaryButton.swift */; };
		3EDF8B812BF7FBAB00957F89 /* GameLogic.swift in Sources */ = {isa = PBXBuildFile; fileRef = 3EDF8B802BF7FBAB00957F89 /* GameLogic.swift */; };
		3EDF8B832BF80D1A00957F89 /* GameLogicConditions.swift in Sources */ = {isa = PBXBuildFile; fileRef = 3EDF8B822BF80D1A00957F89 /* GameLogicConditions.swift */; };
		9D9D239E2C25A53A00382D9C /* BackgroundView.swift in Sources */ = {isa = PBXBuildFile; fileRef = 9D9D239D2C25A53A00382D9C /* BackgroundView.swift */; };
		9D9DC82F2C2579ED004EFDFF /* .swiftlint.yml in Resources */ = {isa = PBXBuildFile; fileRef = 9D9DC82E2C2579ED004EFDFF /* .swiftlint.yml */; };
		9D9DC8312C257BB8004EFDFF /* ParentView.swift in Sources */ = {isa = PBXBuildFile; fileRef = 9D9DC8302C257BB8004EFDFF /* ParentView.swift */; };
/* End PBXBuildFile section */

/* Begin PBXFileReference section */
		3E18D38E2C14B4010003B39B /* MatchManager+GKMatchDelegate.swift */ = {isa = PBXFileReference; fileEncoding = 4; lastKnownFileType = sourcecode.swift; path = "MatchManager+GKMatchDelegate.swift"; sourceTree = "<group>"; };
		3E2928E62C43180000892F04 /* WinnerView.swift */ = {isa = PBXFileReference; lastKnownFileType = sourcecode.swift; path = WinnerView.swift; sourceTree = "<group>"; };
		3E2BFCB72BFE2C270012529A /* MatchManager.swift */ = {isa = PBXFileReference; lastKnownFileType = sourcecode.swift; path = MatchManager.swift; sourceTree = "<group>"; };
		3E2BFCB92BFE2C2D0012529A /* AuthenticationStates.swift */ = {isa = PBXFileReference; lastKnownFileType = sourcecode.swift; path = AuthenticationStates.swift; sourceTree = "<group>"; };
		3E3925BF2BFD107E0033F0E2 /* OnboardView.swift */ = {isa = PBXFileReference; lastKnownFileType = sourcecode.swift; path = OnboardView.swift; sourceTree = "<group>"; };
		3E3925C22BFD2F2A0033F0E2 /* GameActions.swift */ = {isa = PBXFileReference; lastKnownFileType = sourcecode.swift; path = GameActions.swift; sourceTree = "<group>"; };
		3E3925C42BFD303D0033F0E2 /* Line.json */ = {isa = PBXFileReference; fileEncoding = 4; lastKnownFileType = text.json; path = Line.json; sourceTree = "<group>"; };
		3E3925C82BFD351F0033F0E2 /* BackgroundGridViewModel.swift */ = {isa = PBXFileReference; lastKnownFileType = sourcecode.swift; path = BackgroundGridViewModel.swift; sourceTree = "<group>"; };
		3E3D4B3C2C249AB200CC6F1A /* PlayView.swift */ = {isa = PBXFileReference; lastKnownFileType = sourcecode.swift; path = PlayView.swift; sourceTree = "<group>"; };
		3E3D4B3F2C24A55500CC6F1A /* PrimaryButton.swift */ = {isa = PBXFileReference; lastKnownFileType = sourcecode.swift; path = PrimaryButton.swift; sourceTree = "<group>"; };
		3E3D4B412C24A62900CC6F1A /* SecondaryButton.swift */ = {isa = PBXFileReference; lastKnownFileType = sourcecode.swift; path = SecondaryButton.swift; sourceTree = "<group>"; };
		3E3EFA832C42B5AD000B4E97 /* Fire.json */ = {isa = PBXFileReference; lastKnownFileType = text.json; path = Fire.json; sourceTree = "<group>"; };
		3E4342652C0B48A90093FA80 /* Done.json */ = {isa = PBXFileReference; fileEncoding = 4; lastKnownFileType = text.json; path = Done.json; sourceTree = "<group>"; };
		3E4350482C0F875600FDFADC /* CollaboratorsView.swift */ = {isa = PBXFileReference; lastKnownFileType = sourcecode.swift; path = CollaboratorsView.swift; sourceTree = "<group>"; };
		3E43504A2C0F876D00FDFADC /* Collaborator.swift */ = {isa = PBXFileReference; lastKnownFileType = sourcecode.swift; path = Collaborator.swift; sourceTree = "<group>"; };
		3E4CC0E12C35F08A00DA0407 /* GameLogicAI.swift */ = {isa = PBXFileReference; lastKnownFileType = sourcecode.swift; path = GameLogicAI.swift; sourceTree = "<group>"; };
		3E5108582C175855001B4B33 /* YouWin.json */ = {isa = PBXFileReference; fileEncoding = 4; lastKnownFileType = text.json; path = YouWin.json; sourceTree = "<group>"; };
		3E5630822BF822BC0009B48B /* OnboardingPageViewModel.swift */ = {isa = PBXFileReference; lastKnownFileType = sourcecode.swift; path = OnboardingPageViewModel.swift; sourceTree = "<group>"; };
		3E5630862BF827AF0009B48B /* LottieAnimation.swift */ = {isa = PBXFileReference; fileEncoding = 4; lastKnownFileType = sourcecode.swift; path = LottieAnimation.swift; sourceTree = "<group>"; };
		3E56308A2BF82BBF0009B48B /* GameView.swift */ = {isa = PBXFileReference; lastKnownFileType = sourcecode.swift; path = GameView.swift; sourceTree = "<group>"; usesTabs = 0; };
		3E5EF2DA2BF812E2001B6D22 /* GameGrid.swift */ = {isa = PBXFileReference; fileEncoding = 4; lastKnownFileType = sourcecode.swift; path = GameGrid.swift; sourceTree = "<group>"; };
		3E6C13B32BF7F82400373047 /* TicTacToe.app */ = {isa = PBXFileReference; explicitFileType = wrapper.application; includeInIndex = 0; path = TicTacToe.app; sourceTree = BUILT_PRODUCTS_DIR; };
		3E6C13B62BF7F82400373047 /* TicTacToeApp.swift */ = {isa = PBXFileReference; lastKnownFileType = sourcecode.swift; path = TicTacToeApp.swift; sourceTree = "<group>"; };
		3E6C13B82BF7F82400373047 /* MainView.swift */ = {isa = PBXFileReference; lastKnownFileType = sourcecode.swift; path = MainView.swift; sourceTree = "<group>"; };
		3E6C13BA2BF7F82500373047 /* Assets.xcassets */ = {isa = PBXFileReference; lastKnownFileType = folder.assetcatalog; path = Assets.xcassets; sourceTree = "<group>"; };
		3E6C13BD2BF7F82500373047 /* Preview Assets.xcassets */ = {isa = PBXFileReference; lastKnownFileType = folder.assetcatalog; path = "Preview Assets.xcassets"; sourceTree = "<group>"; };
		3E90784B2C01352400F34BA3 /* TicTacToe.entitlements */ = {isa = PBXFileReference; lastKnownFileType = text.plist.entitlements; path = TicTacToe.entitlements; sourceTree = "<group>"; };
		3E90784C2C013E5000F34BA3 /* MatchManager+GKMatchManagerVCDelegate.swift */ = {isa = PBXFileReference; lastKnownFileType = sourcecode.swift; path = "MatchManager+GKMatchManagerVCDelegate.swift"; sourceTree = "<group>"; };
		3E990CA42C448257004797C3 /* CustomRectangle.swift */ = {isa = PBXFileReference; lastKnownFileType = sourcecode.swift; path = CustomRectangle.swift; sourceTree = "<group>"; };
		3EA6505E2C355747003E9707 /* Info.plist */ = {isa = PBXFileReference; lastKnownFileType = text.plist; path = Info.plist; sourceTree = "<group>"; };
		3EA6505F2C358C8F003E9707 /* ScoreView.swift */ = {isa = PBXFileReference; lastKnownFileType = sourcecode.swift; path = ScoreView.swift; sourceTree = "<group>"; };
		3EBCE0822BFCEED600D5D37C /* TutorialView.swift */ = {isa = PBXFileReference; lastKnownFileType = sourcecode.swift; path = TutorialView.swift; sourceTree = "<group>"; };
		3EC8FE182C0908570014BBC0 /* OnboardingParameters.swift */ = {isa = PBXFileReference; lastKnownFileType = sourcecode.swift; path = OnboardingParameters.swift; sourceTree = "<group>"; };
		3ED2CBA62C37F773004587BE /* TopHUD.swift */ = {isa = PBXFileReference; lastKnownFileType = sourcecode.swift; path = TopHUD.swift; sourceTree = "<group>"; };
		3ED67F922BF8C09600B2F400 /* MetalLibrary.metal */ = {isa = PBXFileReference; lastKnownFileType = sourcecode.metal; path = MetalLibrary.metal; sourceTree = "<group>"; };
		3ED67F942BF8EEFE00B2F400 /* Localizable.xcstrings */ = {isa = PBXFileReference; lastKnownFileType = text.json.xcstrings; path = Localizable.xcstrings; sourceTree = "<group>"; };
		3ED67F9A2BF8FB6900B2F400 /* TicTacToe.json */ = {isa = PBXFileReference; fileEncoding = 4; lastKnownFileType = text.json; path = TicTacToe.json; sourceTree = "<group>"; };
		3ED67FAA2BF9072600B2F400 /* Rule.json */ = {isa = PBXFileReference; fileEncoding = 4; lastKnownFileType = text.json; path = Rule.json; sourceTree = "<group>"; };
		3ED6BF552C0242C400A53C29 /* GameOver.swift */ = {isa = PBXFileReference; lastKnownFileType = sourcecode.swift; path = GameOver.swift; sourceTree = "<group>"; };
		3ED8C3CF2C380AE40093CDD7 /* ResponsiveScore.swift */ = {isa = PBXFileReference; lastKnownFileType = sourcecode.swift; path = ResponsiveScore.swift; sourceTree = "<group>"; };
		3ED8C3D12C396B900093CDD7 /* SettingsView.swift */ = {isa = PBXFileReference; lastKnownFileType = sourcecode.swift; path = SettingsView.swift; sourceTree = "<group>"; };
		3ED8C3D32C3971800093CDD7 /* AnimationSettings.swift */ = {isa = PBXFileReference; lastKnownFileType = sourcecode.swift; path = AnimationSettings.swift; sourceTree = "<group>"; };
		3ED8C3D52C397DBC0093CDD7 /* TertiaryButton.swift */ = {isa = PBXFileReference; lastKnownFileType = sourcecode.swift; path = TertiaryButton.swift; sourceTree = "<group>"; };
		3EDF8B802BF7FBAB00957F89 /* GameLogic.swift */ = {isa = PBXFileReference; lastKnownFileType = sourcecode.swift; path = GameLogic.swift; sourceTree = "<group>"; };
		3EDF8B822BF80D1A00957F89 /* GameLogicConditions.swift */ = {isa = PBXFileReference; lastKnownFileType = sourcecode.swift; path = GameLogicConditions.swift; sourceTree = "<group>"; };
		9D9D239D2C25A53A00382D9C /* BackgroundView.swift */ = {isa = PBXFileReference; fileEncoding = 4; lastKnownFileType = sourcecode.swift; path = BackgroundView.swift; sourceTree = "<group>"; };
		9D9DC82E2C2579ED004EFDFF /* .swiftlint.yml */ = {isa = PBXFileReference; lastKnownFileType = text.yaml; path = .swiftlint.yml; sourceTree = "<group>"; };
		9D9DC8302C257BB8004EFDFF /* ParentView.swift */ = {isa = PBXFileReference; lastKnownFileType = sourcecode.swift; path = ParentView.swift; sourceTree = "<group>"; };
/* End PBXFileReference section */

/* Begin PBXFrameworksBuildPhase section */
		3E6C13B02BF7F82400373047 /* Frameworks */ = {
			isa = PBXFrameworksBuildPhase;
			buildActionMask = 2147483647;
			files = (
				3E2928ED2C444D0900892F04 /* Lottie in Frameworks */,
			);
			runOnlyForDeploymentPostprocessing = 0;
		};
/* End PBXFrameworksBuildPhase section */

/* Begin PBXGroup section */
		3E2928EE2C4451BA00892F04 /* UI models */ = {
			isa = PBXGroup;
			children = (
				3E3D4B3F2C24A55500CC6F1A /* PrimaryButton.swift */,
				3E3D4B412C24A62900CC6F1A /* SecondaryButton.swift */,
				3ED8C3D52C397DBC0093CDD7 /* TertiaryButton.swift */,
				3ED8C3CF2C380AE40093CDD7 /* ResponsiveScore.swift */,
				3E990CA42C448257004797C3 /* CustomRectangle.swift */,
				3E3925C82BFD351F0033F0E2 /* BackgroundGridViewModel.swift */,
			);
			path = "UI models";
			sourceTree = "<group>";
		};
		3E2BFCB62BFE2C1C0012529A /* OnlineManager */ = {
			isa = PBXGroup;
			children = (
				3E2BFCB72BFE2C270012529A /* MatchManager.swift */,
				3E18D38E2C14B4010003B39B /* MatchManager+GKMatchDelegate.swift */,
				3E90784C2C013E5000F34BA3 /* MatchManager+GKMatchManagerVCDelegate.swift */,
				3E2BFCB92BFE2C2D0012529A /* AuthenticationStates.swift */,
			);
			path = OnlineManager;
			sourceTree = "<group>";
		};
		3E3925C12BFD2CEE0033F0E2 /* MainScreen */ = {
			isa = PBXGroup;
			children = (
				9D9DC8302C257BB8004EFDFF /* ParentView.swift */,
				3E6C13B82BF7F82400373047 /* MainView.swift */,
				3E3D4B3C2C249AB200CC6F1A /* PlayView.swift */,
				3ED8C3D12C396B900093CDD7 /* SettingsView.swift */,
				3E4350482C0F875600FDFADC /* CollaboratorsView.swift */,
				3EBCE0822BFCEED600D5D37C /* TutorialView.swift */,
			);
			path = MainScreen;
			sourceTree = "<group>";
		};
		3E3925C62BFD30560033F0E2 /* Animations */ = {
			isa = PBXGroup;
			children = (
				3E4342652C0B48A90093FA80 /* Done.json */,
				3E3925C42BFD303D0033F0E2 /* Line.json */,
				3E3EFA832C42B5AD000B4E97 /* Fire.json */,
				3ED67FAA2BF9072600B2F400 /* Rule.json */,
				3E5108582C175855001B4B33 /* YouWin.json */,
				3ED67F9A2BF8FB6900B2F400 /* TicTacToe.json */,
			);
			name = Animations;
			sourceTree = "<group>";
		};
		3E3925C72BFD34F80033F0E2 /* ViewModel */ = {
			isa = PBXGroup;
			children = (
				3E5630862BF827AF0009B48B /* LottieAnimation.swift */,
				3ED8C3D32C3971800093CDD7 /* AnimationSettings.swift */,
				3E2928EE2C4451BA00892F04 /* UI models */,
			);
			path = ViewModel;
			sourceTree = "<group>";
		};
		3E43504C2C0F94AB00FDFADC /* DataModel */ = {
			isa = PBXGroup;
			children = (
				3E43504A2C0F876D00FDFADC /* Collaborator.swift */,
				3EC8FE182C0908570014BBC0 /* OnboardingParameters.swift */,
			);
			path = DataModel;
			sourceTree = "<group>";
		};
		3E5EF2DC2BF816BB001B6D22 /* GameView */ = {
			isa = PBXGroup;
			children = (
				3E56308A2BF82BBF0009B48B /* GameView.swift */,
				3E2928E62C43180000892F04 /* WinnerView.swift */,
				3ED2CBA62C37F773004587BE /* TopHUD.swift */,
				3E5EF2DA2BF812E2001B6D22 /* GameGrid.swift */,
				3EA6505F2C358C8F003E9707 /* ScoreView.swift */,
				3ED6BF552C0242C400A53C29 /* GameOver.swift */,
			);
			path = GameView;
			sourceTree = "<group>";
		};
		3E5EF2DD2BF816DD001B6D22 /* GameLogic */ = {
			isa = PBXGroup;
			children = (
				3EDF8B802BF7FBAB00957F89 /* GameLogic.swift */,
				3E3925C22BFD2F2A0033F0E2 /* GameActions.swift */,
				3EDF8B822BF80D1A00957F89 /* GameLogicConditions.swift */,
				3E4CC0E12C35F08A00DA0407 /* GameLogicAI.swift */,
			);
			path = GameLogic;
			sourceTree = "<group>";
		};
		3E6C13AA2BF7F82400373047 = {
			isa = PBXGroup;
			children = (
				9D9DC82E2C2579ED004EFDFF /* .swiftlint.yml */,
				3ED67F942BF8EEFE00B2F400 /* Localizable.xcstrings */,
				3E6C13B62BF7F82400373047 /* TicTacToeApp.swift */,
				3E6C13B52BF7F82400373047 /* TicTacToe */,
				3E6C13B42BF7F82400373047 /* Products */,
			);
			sourceTree = "<group>";
		};
		3E6C13B42BF7F82400373047 /* Products */ = {
			isa = PBXGroup;
			children = (
				3E6C13B32BF7F82400373047 /* TicTacToe.app */,
			);
			name = Products;
			sourceTree = "<group>";
		};
		3E6C13B52BF7F82400373047 /* TicTacToe */ = {
			isa = PBXGroup;
			children = (
				3EA6505E2C355747003E9707 /* Info.plist */,
				3E90784B2C01352400F34BA3 /* TicTacToe.entitlements */,
				3E3925C62BFD30560033F0E2 /* Animations */,
				3E2BFCB62BFE2C1C0012529A /* OnlineManager */,
				3E5EF2DD2BF816DD001B6D22 /* GameLogic */,
				3E43504C2C0F94AB00FDFADC /* DataModel */,
				3EE9618B2BF8BB7900DBC853 /* Views */,
				3E6C13BA2BF7F82500373047 /* Assets.xcassets */,
				3ED67F922BF8C09600B2F400 /* MetalLibrary.metal */,
				3E6C13BC2BF7F82500373047 /* Preview Content */,
			);
			path = TicTacToe;
			sourceTree = "<group>";
		};
		3E6C13BC2BF7F82500373047 /* Preview Content */ = {
			isa = PBXGroup;
			children = (
				3E6C13BD2BF7F82500373047 /* Preview Assets.xcassets */,
			);
			path = "Preview Content";
			sourceTree = "<group>";
		};
		3EE9618A2BF8BB6800DBC853 /* Onboarding */ = {
			isa = PBXGroup;
			children = (
				3E5630822BF822BC0009B48B /* OnboardingPageViewModel.swift */,
				3E3925BF2BFD107E0033F0E2 /* OnboardView.swift */,
			);
			path = Onboarding;
			sourceTree = "<group>";
		};
		3EE9618B2BF8BB7900DBC853 /* Views */ = {
			isa = PBXGroup;
			children = (
				9D9D239D2C25A53A00382D9C /* BackgroundView.swift */,
				3E3925C72BFD34F80033F0E2 /* ViewModel */,
				3EE9618A2BF8BB6800DBC853 /* Onboarding */,
				3E3925C12BFD2CEE0033F0E2 /* MainScreen */,
				3E5EF2DC2BF816BB001B6D22 /* GameView */,
			);
			path = Views;
			sourceTree = "<group>";
		};
/* End PBXGroup section */

/* Begin PBXNativeTarget section */
		3E6C13B22BF7F82400373047 /* TicTacToe */ = {
			isa = PBXNativeTarget;
			buildConfigurationList = 3E6C13C12BF7F82500373047 /* Build configuration list for PBXNativeTarget "TicTacToe" */;
			buildPhases = (
				3E6C13AF2BF7F82400373047 /* Sources */,
				3E6C13B02BF7F82400373047 /* Frameworks */,
				3E6C13B12BF7F82400373047 /* Resources */,
				9D9DC82D2C2579BE004EFDFF /* Swift Lint */,
			);
			buildRules = (
			);
			dependencies = (
			);
			name = TicTacToe;
			packageProductDependencies = (
				3E2928EC2C444D0900892F04 /* Lottie */,
			);
			productName = TicTacToe;
			productReference = 3E6C13B32BF7F82400373047 /* TicTacToe.app */;
			productType = "com.apple.product-type.application";
		};
/* End PBXNativeTarget section */

/* Begin PBXProject section */
		3E6C13AB2BF7F82400373047 /* Project object */ = {
			isa = PBXProject;
			attributes = {
				BuildIndependentTargetsInParallel = 1;
				LastSwiftUpdateCheck = 1540;
				LastUpgradeCheck = 1600;
				TargetAttributes = {
					3E6C13B22BF7F82400373047 = {
						CreatedOnToolsVersion = 15.4;
					};
				};
			};
			buildConfigurationList = 3E6C13AE2BF7F82400373047 /* Build configuration list for PBXProject "TriaTactics" */;
			compatibilityVersion = "Xcode 15.3";
			developmentRegion = en;
			hasScannedForEncodings = 0;
			knownRegions = (
				en,
				Base,
				it,
				ru,
				"es-419",
				fr,
				de,
				tr,
			);
			mainGroup = 3E6C13AA2BF7F82400373047;
			packageReferences = (
				3E2928EB2C444D0900892F04 /* XCRemoteSwiftPackageReference "lottie-spm" */,
			);
			productRefGroup = 3E6C13B42BF7F82400373047 /* Products */;
			projectDirPath = "";
			projectRoot = "";
			targets = (
				3E6C13B22BF7F82400373047 /* TicTacToe */,
			);
		};
/* End PBXProject section */

/* Begin PBXResourcesBuildPhase section */
		3E6C13B12BF7F82400373047 /* Resources */ = {
			isa = PBXResourcesBuildPhase;
			buildActionMask = 2147483647;
			files = (
				9D9DC82F2C2579ED004EFDFF /* .swiftlint.yml in Resources */,
				3E6C13BE2BF7F82500373047 /* Preview Assets.xcassets in Resources */,
				3E6C13BB2BF7F82500373047 /* Assets.xcassets in Resources */,
				3ED67F952BF8EEFE00B2F400 /* Localizable.xcstrings in Resources */,
				3E3EFA842C42B5AD000B4E97 /* Fire.json in Resources */,
				3ED67F9B2BF8FB6900B2F400 /* TicTacToe.json in Resources */,
				3E3925C52BFD303D0033F0E2 /* Line.json in Resources */,
				3ED67FAB2BF9072600B2F400 /* Rule.json in Resources */,
				3E5108592C175856001B4B33 /* YouWin.json in Resources */,
				3E4342662C0B48A90093FA80 /* Done.json in Resources */,
			);
			runOnlyForDeploymentPostprocessing = 0;
		};
/* End PBXResourcesBuildPhase section */

/* Begin PBXShellScriptBuildPhase section */
		9D9DC82D2C2579BE004EFDFF /* Swift Lint */ = {
			isa = PBXShellScriptBuildPhase;
			alwaysOutOfDate = 1;
			buildActionMask = 2147483647;
			files = (
			);
			inputFileListPaths = (
			);
			inputPaths = (
			);
			name = "Swift Lint";
			outputFileListPaths = (
			);
			outputPaths = (
			);
			runOnlyForDeploymentPostprocessing = 0;
			shellPath = /bin/sh;
			shellScript = "# Type a script or drag a script file from your workspace to insert its path.\nif [[ \"$(uname -m)\" == arm64 ]]; then\n    export PATH=\"/opt/homebrew/bin:$PATH\"\nfi\n\nif which swiftlint > /dev/null; then\n  swiftlint --fix && swiftlint\nelse\n  echo \"warning: SwiftLint not installed, download from https://github.com/realm/SwiftLint\"\nfi\n";
			showEnvVarsInLog = 0;
		};
/* End PBXShellScriptBuildPhase section */

/* Begin PBXSourcesBuildPhase section */
		3E6C13AF2BF7F82400373047 /* Sources */ = {
			isa = PBXSourcesBuildPhase;
			buildActionMask = 2147483647;
			files = (
				3E990CA52C448257004797C3 /* CustomRectangle.swift in Sources */,
				3E5630832BF822BC0009B48B /* OnboardingPageViewModel.swift in Sources */,
				3ED6BF562C0242C400A53C29 /* GameOver.swift in Sources */,
				3EDF8B812BF7FBAB00957F89 /* GameLogic.swift in Sources */,
				3ED67F932BF8C09600B2F400 /* MetalLibrary.metal in Sources */,
				3E2BFCBA2BFE2C2D0012529A /* AuthenticationStates.swift in Sources */,
				3E3D4B402C24A55500CC6F1A /* PrimaryButton.swift in Sources */,
				3E3D4B3D2C249AB200CC6F1A /* PlayView.swift in Sources */,
				3E2BFCB82BFE2C270012529A /* MatchManager.swift in Sources */,
				3E6C13B92BF7F82400373047 /* MainView.swift in Sources */,
				9D9D239E2C25A53A00382D9C /* BackgroundView.swift in Sources */,
				3EA650602C358C8F003E9707 /* ScoreView.swift in Sources */,
				3E3D4B422C24A62900CC6F1A /* SecondaryButton.swift in Sources */,
				3E5EF2DB2BF812E2001B6D22 /* GameGrid.swift in Sources */,
				9D9DC8312C257BB8004EFDFF /* ParentView.swift in Sources */,
				3E2928E72C43180000892F04 /* WinnerView.swift in Sources */,
				3EDF8B832BF80D1A00957F89 /* GameLogicConditions.swift in Sources */,
				3ED2CBA72C37F773004587BE /* TopHUD.swift in Sources */,
				3E5630872BF827AF0009B48B /* LottieAnimation.swift in Sources */,
				3E56308B2BF82BBF0009B48B /* GameView.swift in Sources */,
				3EBCE0832BFCEED600D5D37C /* TutorialView.swift in Sources */,
				3ED8C3D22C396B900093CDD7 /* SettingsView.swift in Sources */,
				3E4350492C0F875600FDFADC /* CollaboratorsView.swift in Sources */,
				3E18D38F2C14B4010003B39B /* MatchManager+GKMatchDelegate.swift in Sources */,
				3ED8C3D02C380AE40093CDD7 /* ResponsiveScore.swift in Sources */,
				3E3925C02BFD107E0033F0E2 /* OnboardView.swift in Sources */,
				3E43504B2C0F876D00FDFADC /* Collaborator.swift in Sources */,
				3EC8FE192C0908570014BBC0 /* OnboardingParameters.swift in Sources */,
				3E90784D2C013E5000F34BA3 /* MatchManager+GKMatchManagerVCDelegate.swift in Sources */,
				3E4CC0E22C35F08A00DA0407 /* GameLogicAI.swift in Sources */,
				3E6C13B72BF7F82400373047 /* TicTacToeApp.swift in Sources */,
				3ED8C3D42C3971800093CDD7 /* AnimationSettings.swift in Sources */,
				3E3925C92BFD351F0033F0E2 /* BackgroundGridViewModel.swift in Sources */,
				3E3925C32BFD2F2A0033F0E2 /* GameActions.swift in Sources */,
				3ED8C3D62C397DBC0093CDD7 /* TertiaryButton.swift in Sources */,
			);
			runOnlyForDeploymentPostprocessing = 0;
		};
/* End PBXSourcesBuildPhase section */

/* Begin XCBuildConfiguration section */
		3E6C13BF2BF7F82500373047 /* Debug */ = {
			isa = XCBuildConfiguration;
			buildSettings = {
				ALWAYS_SEARCH_USER_PATHS = NO;
				ASSETCATALOG_COMPILER_GENERATE_SWIFT_ASSET_SYMBOL_EXTENSIONS = YES;
				CLANG_ANALYZER_LOCALIZABILITY_NONLOCALIZED = YES;
				CLANG_ANALYZER_NONNULL = YES;
				CLANG_ANALYZER_NUMBER_OBJECT_CONVERSION = YES_AGGRESSIVE;
				CLANG_CXX_LANGUAGE_STANDARD = "gnu++20";
				CLANG_ENABLE_MODULES = YES;
				CLANG_ENABLE_OBJC_ARC = YES;
				CLANG_ENABLE_OBJC_WEAK = YES;
				CLANG_WARN_BLOCK_CAPTURE_AUTORELEASING = YES;
				CLANG_WARN_BOOL_CONVERSION = YES;
				CLANG_WARN_COMMA = YES;
				CLANG_WARN_CONSTANT_CONVERSION = YES;
				CLANG_WARN_DEPRECATED_OBJC_IMPLEMENTATIONS = YES;
				CLANG_WARN_DIRECT_OBJC_ISA_USAGE = YES_ERROR;
				CLANG_WARN_DOCUMENTATION_COMMENTS = YES;
				CLANG_WARN_EMPTY_BODY = YES;
				CLANG_WARN_ENUM_CONVERSION = YES;
				CLANG_WARN_INFINITE_RECURSION = YES;
				CLANG_WARN_INT_CONVERSION = YES;
				CLANG_WARN_NON_LITERAL_NULL_CONVERSION = YES;
				CLANG_WARN_OBJC_IMPLICIT_RETAIN_SELF = YES;
				CLANG_WARN_OBJC_LITERAL_CONVERSION = YES;
				CLANG_WARN_OBJC_ROOT_CLASS = YES_ERROR;
				CLANG_WARN_QUOTED_INCLUDE_IN_FRAMEWORK_HEADER = YES;
				CLANG_WARN_RANGE_LOOP_ANALYSIS = YES;
				CLANG_WARN_STRICT_PROTOTYPES = YES;
				CLANG_WARN_SUSPICIOUS_MOVE = YES;
				CLANG_WARN_UNGUARDED_AVAILABILITY = YES_AGGRESSIVE;
				CLANG_WARN_UNREACHABLE_CODE = YES;
				CLANG_WARN__DUPLICATE_METHOD_MATCH = YES;
				COPY_PHASE_STRIP = NO;
				DEBUG_INFORMATION_FORMAT = dwarf;
				ENABLE_STRICT_OBJC_MSGSEND = YES;
				ENABLE_TESTABILITY = YES;
				ENABLE_USER_SCRIPT_SANDBOXING = YES;
				GCC_C_LANGUAGE_STANDARD = gnu17;
				GCC_DYNAMIC_NO_PIC = NO;
				GCC_NO_COMMON_BLOCKS = YES;
				GCC_OPTIMIZATION_LEVEL = 0;
				GCC_PREPROCESSOR_DEFINITIONS = (
					"DEBUG=1",
					"$(inherited)",
				);
				GCC_WARN_64_TO_32_BIT_CONVERSION = YES;
				GCC_WARN_ABOUT_RETURN_TYPE = YES_ERROR;
				GCC_WARN_UNDECLARED_SELECTOR = YES;
				GCC_WARN_UNINITIALIZED_AUTOS = YES_AGGRESSIVE;
				GCC_WARN_UNUSED_FUNCTION = YES;
				GCC_WARN_UNUSED_VARIABLE = YES;
				IPHONEOS_DEPLOYMENT_TARGET = 15.0;
				LOCALIZATION_PREFERS_STRING_CATALOGS = YES;
				MTL_ENABLE_DEBUG_INFO = INCLUDE_SOURCE;
				MTL_FAST_MATH = YES;
				ONLY_ACTIVE_ARCH = YES;
				SDKROOT = iphoneos;
				SWIFT_ACTIVE_COMPILATION_CONDITIONS = "DEBUG $(inherited)";
				SWIFT_OPTIMIZATION_LEVEL = "-Onone";
			};
			name = Debug;
		};
		3E6C13C02BF7F82500373047 /* Release */ = {
			isa = XCBuildConfiguration;
			buildSettings = {
				ALWAYS_SEARCH_USER_PATHS = NO;
				ASSETCATALOG_COMPILER_GENERATE_SWIFT_ASSET_SYMBOL_EXTENSIONS = YES;
				CLANG_ANALYZER_LOCALIZABILITY_NONLOCALIZED = YES;
				CLANG_ANALYZER_NONNULL = YES;
				CLANG_ANALYZER_NUMBER_OBJECT_CONVERSION = YES_AGGRESSIVE;
				CLANG_CXX_LANGUAGE_STANDARD = "gnu++20";
				CLANG_ENABLE_MODULES = YES;
				CLANG_ENABLE_OBJC_ARC = YES;
				CLANG_ENABLE_OBJC_WEAK = YES;
				CLANG_WARN_BLOCK_CAPTURE_AUTORELEASING = YES;
				CLANG_WARN_BOOL_CONVERSION = YES;
				CLANG_WARN_COMMA = YES;
				CLANG_WARN_CONSTANT_CONVERSION = YES;
				CLANG_WARN_DEPRECATED_OBJC_IMPLEMENTATIONS = YES;
				CLANG_WARN_DIRECT_OBJC_ISA_USAGE = YES_ERROR;
				CLANG_WARN_DOCUMENTATION_COMMENTS = YES;
				CLANG_WARN_EMPTY_BODY = YES;
				CLANG_WARN_ENUM_CONVERSION = YES;
				CLANG_WARN_INFINITE_RECURSION = YES;
				CLANG_WARN_INT_CONVERSION = YES;
				CLANG_WARN_NON_LITERAL_NULL_CONVERSION = YES;
				CLANG_WARN_OBJC_IMPLICIT_RETAIN_SELF = YES;
				CLANG_WARN_OBJC_LITERAL_CONVERSION = YES;
				CLANG_WARN_OBJC_ROOT_CLASS = YES_ERROR;
				CLANG_WARN_QUOTED_INCLUDE_IN_FRAMEWORK_HEADER = YES;
				CLANG_WARN_RANGE_LOOP_ANALYSIS = YES;
				CLANG_WARN_STRICT_PROTOTYPES = YES;
				CLANG_WARN_SUSPICIOUS_MOVE = YES;
				CLANG_WARN_UNGUARDED_AVAILABILITY = YES_AGGRESSIVE;
				CLANG_WARN_UNREACHABLE_CODE = YES;
				CLANG_WARN__DUPLICATE_METHOD_MATCH = YES;
				COPY_PHASE_STRIP = NO;
				DEBUG_INFORMATION_FORMAT = "dwarf-with-dsym";
				ENABLE_NS_ASSERTIONS = NO;
				ENABLE_STRICT_OBJC_MSGSEND = YES;
				ENABLE_USER_SCRIPT_SANDBOXING = YES;
				GCC_C_LANGUAGE_STANDARD = gnu17;
				GCC_NO_COMMON_BLOCKS = YES;
				GCC_WARN_64_TO_32_BIT_CONVERSION = YES;
				GCC_WARN_ABOUT_RETURN_TYPE = YES_ERROR;
				GCC_WARN_UNDECLARED_SELECTOR = YES;
				GCC_WARN_UNINITIALIZED_AUTOS = YES_AGGRESSIVE;
				GCC_WARN_UNUSED_FUNCTION = YES;
				GCC_WARN_UNUSED_VARIABLE = YES;
				IPHONEOS_DEPLOYMENT_TARGET = 15.0;
				LOCALIZATION_PREFERS_STRING_CATALOGS = YES;
				MTL_ENABLE_DEBUG_INFO = NO;
				MTL_FAST_MATH = YES;
				SDKROOT = iphoneos;
				SWIFT_COMPILATION_MODE = wholemodule;
				VALIDATE_PRODUCT = YES;
			};
			name = Release;
		};
		3E6C13C22BF7F82500373047 /* Debug */ = {
			isa = XCBuildConfiguration;
			buildSettings = {
				ASSETCATALOG_COMPILER_APPICON_NAME = AppIcon;
				ASSETCATALOG_COMPILER_GLOBAL_ACCENT_COLOR_NAME = AccentColor;
				CODE_SIGN_ENTITLEMENTS = TicTacToe/TicTacToe.entitlements;
				CODE_SIGN_STYLE = Automatic;
				CURRENT_PROJECT_VERSION = 2;
				DEVELOPMENT_ASSET_PATHS = "\"TicTacToe/Preview Content\"";
				DEVELOPMENT_TEAM = WLW428B75Y;
				ENABLE_PREVIEWS = YES;
				ENABLE_USER_SCRIPT_SANDBOXING = NO;
				GENERATE_INFOPLIST_FILE = YES;
				INFOPLIST_FILE = TicTacToe/Info.plist;
				INFOPLIST_KEY_CFBundleDisplayName = "Tria Tactics";
				INFOPLIST_KEY_LSApplicationCategoryType = "public.app-category.puzzle-games";
				INFOPLIST_KEY_UIApplicationSceneManifest_Generation = YES;
				INFOPLIST_KEY_UIApplicationSupportsIndirectInputEvents = YES;
				INFOPLIST_KEY_UILaunchScreen_Generation = YES;
				INFOPLIST_KEY_UISupportedInterfaceOrientations = UIInterfaceOrientationPortrait;
				INFOPLIST_KEY_UISupportedInterfaceOrientations_iPad = "UIInterfaceOrientationLandscapeLeft UIInterfaceOrientationLandscapeRight UIInterfaceOrientationPortrait UIInterfaceOrientationPortraitUpsideDown";
				IPHONEOS_DEPLOYMENT_TARGET = 15.0;
				LD_RUNPATH_SEARCH_PATHS = (
					"$(inherited)",
					"@executable_path/Frameworks",
				);
				MARKETING_VERSION = 1.6;
				PRODUCT_BUNDLE_IDENTIFIER = com.Dave.TicTacToe;
				PRODUCT_NAME = "$(TARGET_NAME)";
				SUPPORTED_PLATFORMS = "iphoneos iphonesimulator";
				SUPPORTS_MACCATALYST = NO;
				SUPPORTS_MAC_DESIGNED_FOR_IPHONE_IPAD = NO;
				SUPPORTS_XR_DESIGNED_FOR_IPHONE_IPAD = NO;
				SWIFT_EMIT_LOC_STRINGS = YES;
				SWIFT_VERSION = 5.0;
				TARGETED_DEVICE_FAMILY = 1;
			};
			name = Debug;
		};
		3E6C13C32BF7F82500373047 /* Release */ = {
			isa = XCBuildConfiguration;
			buildSettings = {
				ASSETCATALOG_COMPILER_APPICON_NAME = AppIcon;
				ASSETCATALOG_COMPILER_GLOBAL_ACCENT_COLOR_NAME = AccentColor;
				CODE_SIGN_ENTITLEMENTS = TicTacToe/TicTacToe.entitlements;
				CODE_SIGN_STYLE = Automatic;
				CURRENT_PROJECT_VERSION = 2;
				DEVELOPMENT_ASSET_PATHS = "\"TicTacToe/Preview Content\"";
				DEVELOPMENT_TEAM = WLW428B75Y;
				ENABLE_PREVIEWS = YES;
				ENABLE_USER_SCRIPT_SANDBOXING = NO;
				GENERATE_INFOPLIST_FILE = YES;
				INFOPLIST_FILE = TicTacToe/Info.plist;
				INFOPLIST_KEY_CFBundleDisplayName = "Tria Tactics";
				INFOPLIST_KEY_LSApplicationCategoryType = "public.app-category.puzzle-games";
				INFOPLIST_KEY_UIApplicationSceneManifest_Generation = YES;
				INFOPLIST_KEY_UIApplicationSupportsIndirectInputEvents = YES;
				INFOPLIST_KEY_UILaunchScreen_Generation = YES;
				INFOPLIST_KEY_UISupportedInterfaceOrientations = UIInterfaceOrientationPortrait;
				INFOPLIST_KEY_UISupportedInterfaceOrientations_iPad = "UIInterfaceOrientationLandscapeLeft UIInterfaceOrientationLandscapeRight UIInterfaceOrientationPortrait UIInterfaceOrientationPortraitUpsideDown";
				IPHONEOS_DEPLOYMENT_TARGET = 15.0;
				LD_RUNPATH_SEARCH_PATHS = (
					"$(inherited)",
					"@executable_path/Frameworks",
				);
				MARKETING_VERSION = 1.6;
				PRODUCT_BUNDLE_IDENTIFIER = com.Dave.TicTacToe;
				PRODUCT_NAME = "$(TARGET_NAME)";
				SUPPORTED_PLATFORMS = "iphoneos iphonesimulator";
				SUPPORTS_MACCATALYST = NO;
				SUPPORTS_MAC_DESIGNED_FOR_IPHONE_IPAD = NO;
				SUPPORTS_XR_DESIGNED_FOR_IPHONE_IPAD = NO;
				SWIFT_EMIT_LOC_STRINGS = YES;
				SWIFT_VERSION = 5.0;
				TARGETED_DEVICE_FAMILY = 1;
			};
			name = Release;
		};
/* End XCBuildConfiguration section */

/* Begin XCConfigurationList section */
		3E6C13AE2BF7F82400373047 /* Build configuration list for PBXProject "TriaTactics" */ = {
			isa = XCConfigurationList;
			buildConfigurations = (
				3E6C13BF2BF7F82500373047 /* Debug */,
				3E6C13C02BF7F82500373047 /* Release */,
			);
			defaultConfigurationIsVisible = 0;
			defaultConfigurationName = Release;
		};
		3E6C13C12BF7F82500373047 /* Build configuration list for PBXNativeTarget "TicTacToe" */ = {
			isa = XCConfigurationList;
			buildConfigurations = (
				3E6C13C22BF7F82500373047 /* Debug */,
				3E6C13C32BF7F82500373047 /* Release */,
			);
			defaultConfigurationIsVisible = 0;
			defaultConfigurationName = Release;
		};
/* End XCConfigurationList section */

/* Begin XCRemoteSwiftPackageReference section */
		3E2928EB2C444D0900892F04 /* XCRemoteSwiftPackageReference "lottie-spm" */ = {
			isa = XCRemoteSwiftPackageReference;
			repositoryURL = "https://github.com/airbnb/lottie-spm";
			requirement = {
				kind = upToNextMajorVersion;
				minimumVersion = 4.5.0;
			};
		};
/* End XCRemoteSwiftPackageReference section */

/* Begin XCSwiftPackageProductDependency section */
		3E2928EC2C444D0900892F04 /* Lottie */ = {
			isa = XCSwiftPackageProductDependency;
			package = 3E2928EB2C444D0900892F04 /* XCRemoteSwiftPackageReference "lottie-spm" */;
			productName = Lottie;
		};
/* End XCSwiftPackageProductDependency section */
	};
	rootObject = 3E6C13AB2BF7F82400373047 /* Project object */;
}
